Microsoft Visual Studio Solution File, Format Version 12.00
# Visual Studio Version 17
VisualStudioVersion = 17.5.2.0
MinimumVisualStudioVersion = 10.0.40219.1
Project("{FAE04EC0-301F-11D3-BF4B-00C04F79EFBC}") = "pwa_api", "pwa_api.csproj", "{7DDF605C-38BD-7A61-3C1C-F0AA21ED8D27}"
EndProject
Global
	GlobalSection(SolutionConfigurationPlatforms) = preSolution
		Debug|Any CPU = Debug|Any CPU
		Release|Any CPU = Release|Any CPU
	EndGlobalSection
	GlobalSection(ProjectConfigurationPlatforms) = postSolution
		{7DDF605C-38BD-7A61-3C1C-F0AA21ED8D27}.Debug|Any CPU.ActiveCfg = Debug|Any CPU
		{7DDF605C-38BD-7A61-3C1C-F0AA21ED8D27}.Debug|Any CPU.Build.0 = Debug|Any CPU
		{7DDF605C-38BD-7A61-3C1C-F0AA21ED8D27}.Release|Any CPU.ActiveCfg = Release|Any CPU
		{7DDF605C-38BD-7A61-3C1C-F0AA21ED8D27}.Release|Any CPU.Build.0 = Release|Any CPU
	EndGlobalSection
	GlobalSection(SolutionProperties) = preSolution
		HideSolutionNode = FALSE
	EndGlobalSection
	GlobalSection(ExtensibilityGlobals) = postSolution
		SolutionGuid = {AA451E14-0CE5-4EE4-AD8E-9AA70C7C98AD}
	EndGlobalSection
EndGlobal
